// !$*UTF8*$!
{
	archiveVersion = 1;
	classes = {
	};
	objectVersion = 48;
	objects = {

/* Begin PBXBuildFile section */
		E11998A52164200B00F0AD0C /* GooglePlaces.swift in Sources */ = {isa = PBXBuildFile; fileRef = E11998A42164200B00F0AD0C /* GooglePlaces.swift */; };
		E1601BF121626266000C9F63 /* PlaceMarker.swift in Sources */ = {isa = PBXBuildFile; fileRef = E1601BF021626266000C9F63 /* PlaceMarker.swift */; };
		E1601BF521629C7A000C9F63 /* GoogleDataProvider.swift in Sources */ = {isa = PBXBuildFile; fileRef = E1601BF421629C7A000C9F63 /* GoogleDataProvider.swift */; };
		E1BCB61C21611EEB0050BFBC /* AppDelegate.swift in Sources */ = {isa = PBXBuildFile; fileRef = E1BCB61B21611EEB0050BFBC /* AppDelegate.swift */; };
		E1BCB61E21611EEB0050BFBC /* MapViewCV.swift in Sources */ = {isa = PBXBuildFile; fileRef = E1BCB61D21611EEB0050BFBC /* MapViewCV.swift */; };
		E1BCB62121611EEB0050BFBC /* Main.storyboard in Resources */ = {isa = PBXBuildFile; fileRef = E1BCB61F21611EEB0050BFBC /* Main.storyboard */; };
		E1BCB62321611EEB0050BFBC /* Assets.xcassets in Resources */ = {isa = PBXBuildFile; fileRef = E1BCB62221611EEB0050BFBC /* Assets.xcassets */; };
		E1BCB62621611EEB0050BFBC /* LaunchScreen.storyboard in Resources */ = {isa = PBXBuildFile; fileRef = E1BCB62421611EEB0050BFBC /* LaunchScreen.storyboard */; };
		E1CA540521657CB500780489 /* MarkerInfoView.swift in Sources */ = {isa = PBXBuildFile; fileRef = E1CA540221657CB400780489 /* MarkerInfoView.swift */; };
		E1CA540621657CB500780489 /* MarkerInfoView.xib in Resources */ = {isa = PBXBuildFile; fileRef = E1CA540321657CB400780489 /* MarkerInfoView.xib */; };
		E1CA540721657CB500780489 /* UIViewExtension.swift in Sources */ = {isa = PBXBuildFile; fileRef = E1CA540421657CB400780489 /* UIViewExtension.swift */; };
		F6426212FD8E33E8AE296D0C /* Pods_MadarApp.framework in Frameworks */ = {isa = PBXBuildFile; fileRef = 0B29BB8A3AAAA0251678EDF2 /* Pods_MadarApp.framework */; };
/* End PBXBuildFile section */

/* Begin PBXFileReference section */
		0B29BB8A3AAAA0251678EDF2 /* Pods_MadarApp.framework */ = {isa = PBXFileReference; explicitFileType = wrapper.framework; includeInIndex = 0; path = Pods_MadarApp.framework; sourceTree = BUILT_PRODUCTS_DIR; };
		2AFB148C31B00512E84FD0DE /* Pods-MadarApp.debug.xcconfig */ = {isa = PBXFileReference; includeInIndex = 1; lastKnownFileType = text.xcconfig; name = "Pods-MadarApp.debug.xcconfig"; path = "Pods/Target Support Files/Pods-MadarApp/Pods-MadarApp.debug.xcconfig"; sourceTree = "<group>"; };
		D9F2191AA98645BAFCD7E7F5 /* Pods-MadarApp.release.xcconfig */ = {isa = PBXFileReference; includeInIndex = 1; lastKnownFileType = text.xcconfig; name = "Pods-MadarApp.release.xcconfig"; path = "Pods/Target Support Files/Pods-MadarApp/Pods-MadarApp.release.xcconfig"; sourceTree = "<group>"; };
		E11998A42164200B00F0AD0C /* GooglePlaces.swift */ = {isa = PBXFileReference; lastKnownFileType = sourcecode.swift; path = GooglePlaces.swift; sourceTree = "<group>"; };
		E1601BF021626266000C9F63 /* PlaceMarker.swift */ = {isa = PBXFileReference; lastKnownFileType = sourcecode.swift; path = PlaceMarker.swift; sourceTree = "<group>"; };
		E1601BF421629C7A000C9F63 /* GoogleDataProvider.swift */ = {isa = PBXFileReference; lastKnownFileType = sourcecode.swift; path = GoogleDataProvider.swift; sourceTree = "<group>"; };
		E1BCB61821611EEB0050BFBC /* MadarApp.app */ = {isa = PBXFileReference; explicitFileType = wrapper.application; includeInIndex = 0; path = MadarApp.app; sourceTree = BUILT_PRODUCTS_DIR; };
		E1BCB61B21611EEB0050BFBC /* AppDelegate.swift */ = {isa = PBXFileReference; lastKnownFileType = sourcecode.swift; path = AppDelegate.swift; sourceTree = "<group>"; };
		E1BCB61D21611EEB0050BFBC /* MapViewCV.swift */ = {isa = PBXFileReference; lastKnownFileType = sourcecode.swift; path = MapViewCV.swift; sourceTree = "<group>"; };
		E1BCB62021611EEB0050BFBC /* Base */ = {isa = PBXFileReference; lastKnownFileType = file.storyboard; name = Base; path = Base.lproj/Main.storyboard; sourceTree = "<group>"; };
		E1BCB62221611EEB0050BFBC /* Assets.xcassets */ = {isa = PBXFileReference; lastKnownFileType = folder.assetcatalog; path = Assets.xcassets; sourceTree = "<group>"; };
		E1BCB62521611EEB0050BFBC /* Base */ = {isa = PBXFileReference; lastKnownFileType = file.storyboard; name = Base; path = Base.lproj/LaunchScreen.storyboard; sourceTree = "<group>"; };
		E1BCB62721611EEB0050BFBC /* Info.plist */ = {isa = PBXFileReference; lastKnownFileType = text.plist.xml; path = Info.plist; sourceTree = "<group>"; };
		E1CA540221657CB400780489 /* MarkerInfoView.swift */ = {isa = PBXFileReference; fileEncoding = 4; lastKnownFileType = sourcecode.swift; path = MarkerInfoView.swift; sourceTree = "<group>"; };
		E1CA540321657CB400780489 /* MarkerInfoView.xib */ = {isa = PBXFileReference; fileEncoding = 4; lastKnownFileType = file.xib; path = MarkerInfoView.xib; sourceTree = "<group>"; };
		E1CA540421657CB400780489 /* UIViewExtension.swift */ = {isa = PBXFileReference; fileEncoding = 4; lastKnownFileType = sourcecode.swift; path = UIViewExtension.swift; sourceTree = "<group>"; };
/* End PBXFileReference section */

/* Begin PBXFrameworksBuildPhase section */
		E1BCB61521611EEB0050BFBC /* Frameworks */ = {
			isa = PBXFrameworksBuildPhase;
			buildActionMask = 2147483647;
			files = (
				F6426212FD8E33E8AE296D0C /* Pods_MadarApp.framework in Frameworks */,
			);
			runOnlyForDeploymentPostprocessing = 0;
		};
/* End PBXFrameworksBuildPhase section */

/* Begin PBXGroup section */
		33844D68A7D81907F60ED719 /* Frameworks */ = {
			isa = PBXGroup;
			children = (
				0B29BB8A3AAAA0251678EDF2 /* Pods_MadarApp.framework */,
			);
			name = Frameworks;
			sourceTree = "<group>";
		};
		8ACAC15A68B0B09245BF13C8 /* Pods */ = {
			isa = PBXGroup;
			children = (
				2AFB148C31B00512E84FD0DE /* Pods-MadarApp.debug.xcconfig */,
				D9F2191AA98645BAFCD7E7F5 /* Pods-MadarApp.release.xcconfig */,
			);
			name = Pods;
			sourceTree = "<group>";
		};
		E1601BF221629C38000C9F63 /* Controllers */ = {
			isa = PBXGroup;
			children = (
				E1BCB61D21611EEB0050BFBC /* MapViewCV.swift */,
			);
			path = Controllers;
			sourceTree = "<group>";
		};
		E1601BF321629C5A000C9F63 /* Model */ = {
			isa = PBXGroup;
			children = (
				E1601BF421629C7A000C9F63 /* GoogleDataProvider.swift */,
				E11998A42164200B00F0AD0C /* GooglePlaces.swift */,
				E1601BF021626266000C9F63 /* PlaceMarker.swift */,
			);
			path = Model;
			sourceTree = "<group>";
		};
		E1BCB60F21611EEB0050BFBC = {
			isa = PBXGroup;
			children = (
				E1BCB61A21611EEB0050BFBC /* MadarApp */,
				E1BCB61921611EEB0050BFBC /* Products */,
				8ACAC15A68B0B09245BF13C8 /* Pods */,
				33844D68A7D81907F60ED719 /* Frameworks */,
			);
			sourceTree = "<group>";
		};
		E1BCB61921611EEB0050BFBC /* Products */ = {
			isa = PBXGroup;
			children = (
				E1BCB61821611EEB0050BFBC /* MadarApp.app */,
			);
			name = Products;
			sourceTree = "<group>";
		};
		E1BCB61A21611EEB0050BFBC /* MadarApp */ = {
			isa = PBXGroup;
			children = (
				E1BCB61B21611EEB0050BFBC /* AppDelegate.swift */,
				E1CA540121657CB400780489 /* Views */,
				E1601BF321629C5A000C9F63 /* Model */,
				E1601BF221629C38000C9F63 /* Controllers */,
				E1BCB61F21611EEB0050BFBC /* Main.storyboard */,
				E1BCB62221611EEB0050BFBC /* Assets.xcassets */,
				E1BCB62421611EEB0050BFBC /* LaunchScreen.storyboard */,
				E1BCB62721611EEB0050BFBC /* Info.plist */,
			);
			path = MadarApp;
			sourceTree = "<group>";
		};
		E1CA540121657CB400780489 /* Views */ = {
			isa = PBXGroup;
			children = (
				E1CA540221657CB400780489 /* MarkerInfoView.swift */,
				E1CA540321657CB400780489 /* MarkerInfoView.xib */,
				E1CA540421657CB400780489 /* UIViewExtension.swift */,
			);
			path = Views;
			sourceTree = "<group>";
		};
/* End PBXGroup section */

/* Begin PBXNativeTarget section */
		E1BCB61721611EEB0050BFBC /* MadarApp */ = {
			isa = PBXNativeTarget;
			buildConfigurationList = E1BCB62A21611EEB0050BFBC /* Build configuration list for PBXNativeTarget "MadarApp" */;
			buildPhases = (
				C9ED692E8889A80742081F7C /* [CP] Check Pods Manifest.lock */,
				E1BCB61421611EEB0050BFBC /* Sources */,
				E1BCB61521611EEB0050BFBC /* Frameworks */,
				E1BCB61621611EEB0050BFBC /* Resources */,
				A235EF53ACFC89CEC6326E43 /* [CP] Copy Pods Resources */,
				1E30BAC30B6F55C516BEEB12 /* [CP] Embed Pods Frameworks */,
			);
			buildRules = (
			);
			dependencies = (
			);
			name = MadarApp;
			productName = MadarApp;
			productReference = E1BCB61821611EEB0050BFBC /* MadarApp.app */;
			productType = "com.apple.product-type.application";
		};
/* End PBXNativeTarget section */

/* Begin PBXProject section */
		E1BCB61021611EEB0050BFBC /* Project object */ = {
			isa = PBXProject;
			attributes = {
				LastSwiftUpdateCheck = 0920;
				LastUpgradeCheck = 0920;
				ORGANIZATIONNAME = Jiddawi;
				TargetAttributes = {
					E1BCB61721611EEB0050BFBC = {
						CreatedOnToolsVersion = 9.2;
						ProvisioningStyle = Automatic;
					};
				};
			};
			buildConfigurationList = E1BCB61321611EEB0050BFBC /* Build configuration list for PBXProject "MadarApp" */;
			compatibilityVersion = "Xcode 8.0";
			developmentRegion = en;
			hasScannedForEncodings = 0;
			knownRegions = (
				en,
				Base,
			);
			mainGroup = E1BCB60F21611EEB0050BFBC;
			productRefGroup = E1BCB61921611EEB0050BFBC /* Products */;
			projectDirPath = "";
			projectRoot = "";
			targets = (
				E1BCB61721611EEB0050BFBC /* MadarApp */,
			);
		};
/* End PBXProject section */

/* Begin PBXResourcesBuildPhase section */
		E1BCB61621611EEB0050BFBC /* Resources */ = {
			isa = PBXResourcesBuildPhase;
			buildActionMask = 2147483647;
			files = (
				E1CA540621657CB500780489 /* MarkerInfoView.xib in Resources */,
				E1BCB62621611EEB0050BFBC /* LaunchScreen.storyboard in Resources */,
				E1BCB62321611EEB0050BFBC /* Assets.xcassets in Resources */,
				E1BCB62121611EEB0050BFBC /* Main.storyboard in Resources */,
			);
			runOnlyForDeploymentPostprocessing = 0;
		};
/* End PBXResourcesBuildPhase section */

/* Begin PBXShellScriptBuildPhase section */
		1E30BAC30B6F55C516BEEB12 /* [CP] Embed Pods Frameworks */ = {
			isa = PBXShellScriptBuildPhase;
			buildActionMask = 2147483647;
			files = (
			);
			inputPaths = (
				"${SRCROOT}/Pods/Target Support Files/Pods-MadarApp/Pods-MadarApp-frameworks.sh",
				"${BUILT_PRODUCTS_DIR}/Alamofire/Alamofire.framework",
				"${BUILT_PRODUCTS_DIR}/SwiftyJSON/SwiftyJSON.framework",
			);
			name = "[CP] Embed Pods Frameworks";
			outputPaths = (
				"${TARGET_BUILD_DIR}/${FRAMEWORKS_FOLDER_PATH}/Alamofire.framework",
				"${TARGET_BUILD_DIR}/${FRAMEWORKS_FOLDER_PATH}/SwiftyJSON.framework",
			);
			runOnlyForDeploymentPostprocessing = 0;
			shellPath = /bin/sh;
			shellScript = "\"${SRCROOT}/Pods/Target Support Files/Pods-MadarApp/Pods-MadarApp-frameworks.sh\"\n";
			showEnvVarsInLog = 0;
		};
		A235EF53ACFC89CEC6326E43 /* [CP] Copy Pods Resources */ = {
			isa = PBXShellScriptBuildPhase;
			buildActionMask = 2147483647;
			files = (
			);
			inputPaths = (
				"${SRCROOT}/Pods/Target Support Files/Pods-MadarApp/Pods-MadarApp-resources.sh",
				"${PODS_ROOT}/GoogleMaps/Maps/Frameworks/GoogleMaps.framework/Resources/GoogleMaps.bundle",
				"${PODS_ROOT}/GooglePlaces/Frameworks/GooglePlaces.framework/Resources/GooglePlaces.bundle",
			);
			name = "[CP] Copy Pods Resources";
			outputPaths = (
				"${TARGET_BUILD_DIR}/${UNLOCALIZED_RESOURCES_FOLDER_PATH}/GoogleMaps.bundle",
				"${TARGET_BUILD_DIR}/${UNLOCALIZED_RESOURCES_FOLDER_PATH}/GooglePlaces.bundle",
			);
			runOnlyForDeploymentPostprocessing = 0;
			shellPath = /bin/sh;
			shellScript = "\"${SRCROOT}/Pods/Target Support Files/Pods-MadarApp/Pods-MadarApp-resources.sh\"\n";
			showEnvVarsInLog = 0;
		};
		C9ED692E8889A80742081F7C /* [CP] Check Pods Manifest.lock */ = {
			isa = PBXShellScriptBuildPhase;
			buildActionMask = 2147483647;
			files = (
			);
			inputPaths = (
				"${PODS_PODFILE_DIR_PATH}/Podfile.lock",
				"${PODS_ROOT}/Manifest.lock",
			);
			name = "[CP] Check Pods Manifest.lock";
			outputPaths = (
				"$(DERIVED_FILE_DIR)/Pods-MadarApp-checkManifestLockResult.txt",
			);
			runOnlyForDeploymentPostprocessing = 0;
			shellPath = /bin/sh;
			shellScript = "diff \"${PODS_PODFILE_DIR_PATH}/Podfile.lock\" \"${PODS_ROOT}/Manifest.lock\" > /dev/null\nif [ $? != 0 ] ; then\n    # print error to STDERR\n    echo \"error: The sandbox is not in sync with the Podfile.lock. Run 'pod install' or update your CocoaPods installation.\" >&2\n    exit 1\nfi\n# This output is used by Xcode 'outputs' to avoid re-running this script phase.\necho \"SUCCESS\" > \"${SCRIPT_OUTPUT_FILE_0}\"\n";
			showEnvVarsInLog = 0;
		};
/* End PBXShellScriptBuildPhase section */

/* Begin PBXSourcesBuildPhase section */
		E1BCB61421611EEB0050BFBC /* Sources */ = {
			isa = PBXSourcesBuildPhase;
			buildActionMask = 2147483647;
			files = (
				E1CA540521657CB500780489 /* MarkerInfoView.swift in Sources */,
				E11998A52164200B00F0AD0C /* GooglePlaces.swift in Sources */,
				E1601BF521629C7A000C9F63 /* GoogleDataProvider.swift in Sources */,
				E1BCB61E21611EEB0050BFBC /* MapViewCV.swift in Sources */,
				E1BCB61C21611EEB0050BFBC /* AppDelegate.swift in Sources */,
				E1CA540721657CB500780489 /* UIViewExtension.swift in Sources */,
				E1601BF121626266000C9F63 /* PlaceMarker.swift in Sources */,
			);
			runOnlyForDeploymentPostprocessing = 0;
		};
/* End PBXSourcesBuildPhase section */

/* Begin PBXVariantGroup section */
		E1BCB61F21611EEB0050BFBC /* Main.storyboard */ = {
			isa = PBXVariantGroup;
			children = (
				E1BCB62021611EEB0050BFBC /* Base */,
			);
			name = Main.storyboard;
			sourceTree = "<group>";
		};
		E1BCB62421611EEB0050BFBC /* LaunchScreen.storyboard */ = {
			isa = PBXVariantGroup;
			children = (
				E1BCB62521611EEB0050BFBC /* Base */,
			);
			name = LaunchScreen.storyboard;
			sourceTree = "<group>";
		};
/* End PBXVariantGroup section */

/* Begin XCBuildConfiguration section */
		E1BCB62821611EEB0050BFBC /* Debug */ = {
			isa = XCBuildConfiguration;
			buildSettings = {
				ALWAYS_SEARCH_USER_PATHS = NO;
				CLANG_ANALYZER_NONNULL = YES;
				CLANG_ANALYZER_NUMBER_OBJECT_CONVERSION = YES_AGGRESSIVE;
				CLANG_CXX_LANGUAGE_STANDARD = "gnu++14";
				CLANG_CXX_LIBRARY = "libc++";
				CLANG_ENABLE_MODULES = YES;
				CLANG_ENABLE_OBJC_ARC = YES;
				CLANG_WARN_BLOCK_CAPTURE_AUTORELEASING = YES;
				CLANG_WARN_BOOL_CONVERSION = YES;
				CLANG_WARN_COMMA = YES;
				CLANG_WARN_CONSTANT_CONVERSION = YES;
				CLANG_WARN_DIRECT_OBJC_ISA_USAGE = YES_ERROR;
				CLANG_WARN_DOCUMENTATION_COMMENTS = YES;
				CLANG_WARN_EMPTY_BODY = YES;
				CLANG_WARN_ENUM_CONVERSION = YES;
				CLANG_WARN_INFINITE_RECURSION = YES;
				CLANG_WARN_INT_CONVERSION = YES;
				CLANG_WARN_NON_LITERAL_NULL_CONVERSION = YES;
				CLANG_WARN_OBJC_LITERAL_CONVERSION = YES;
				CLANG_WARN_OBJC_ROOT_CLASS = YES_ERROR;
				CLANG_WARN_RANGE_LOOP_ANALYSIS = YES;
				CLANG_WARN_STRICT_PROTOTYPES = YES;
				CLANG_WARN_SUSPICIOUS_MOVE = YES;
				CLANG_WARN_UNGUARDED_AVAILABILITY = YES_AGGRESSIVE;
				CLANG_WARN_UNREACHABLE_CODE = YES;
				CLANG_WARN__DUPLICATE_METHOD_MATCH = YES;
				CODE_SIGN_IDENTITY = "iPhone Developer";
				COPY_PHASE_STRIP = NO;
				DEBUG_INFORMATION_FORMAT = dwarf;
				ENABLE_STRICT_OBJC_MSGSEND = YES;
				ENABLE_TESTABILITY = YES;
				GCC_C_LANGUAGE_STANDARD = gnu11;
				GCC_DYNAMIC_NO_PIC = NO;
				GCC_NO_COMMON_BLOCKS = YES;
				GCC_OPTIMIZATION_LEVEL = 0;
				GCC_PREPROCESSOR_DEFINITIONS = (
					"DEBUG=1",
					"$(inherited)",
				);
				GCC_WARN_64_TO_32_BIT_CONVERSION = YES;
				GCC_WARN_ABOUT_RETURN_TYPE = YES_ERROR;
				GCC_WARN_UNDECLARED_SELECTOR = YES;
				GCC_WARN_UNINITIALIZED_AUTOS = YES_AGGRESSIVE;
				GCC_WARN_UNUSED_FUNCTION = YES;
				GCC_WARN_UNUSED_VARIABLE = YES;
				IPHONEOS_DEPLOYMENT_TARGET = 11.2;
				MTL_ENABLE_DEBUG_INFO = YES;
				ONLY_ACTIVE_ARCH = YES;
				SDKROOT = iphoneos;
				SWIFT_ACTIVE_COMPILATION_CONDITIONS = DEBUG;
				SWIFT_OPTIMIZATION_LEVEL = "-Onone";
			};
			name = Debug;
		};
		E1BCB62921611EEB0050BFBC /* Release */ = {
			isa = XCBuildConfiguration;
			buildSettings = {
				ALWAYS_SEARCH_USER_PATHS = NO;
				CLANG_ANALYZER_NONNULL = YES;
				CLANG_ANALYZER_NUMBER_OBJECT_CONVERSION = YES_AGGRESSIVE;
				CLANG_CXX_LANGUAGE_STANDARD = "gnu++14";
				CLANG_CXX_LIBRARY = "libc++";
				CLANG_ENABLE_MODULES = YES;
				CLANG_ENABLE_OBJC_ARC = YES;
				CLANG_WARN_BLOCK_CAPTURE_AUTORELEASING = YES;
				CLANG_WARN_BOOL_CONVERSION = YES;
				CLANG_WARN_COMMA = YES;
				CLANG_WARN_CONSTANT_CONVERSION = YES;
				CLANG_WARN_DIRECT_OBJC_ISA_USAGE = YES_ERROR;
				CLANG_WARN_DOCUMENTATION_COMMENTS = YES;
				CLANG_WARN_EMPTY_BODY = YES;
				CLANG_WARN_ENUM_CONVERSION = YES;
				CLANG_WARN_INFINITE_RECURSION = YES;
				CLANG_WARN_INT_CONVERSION = YES;
				CLANG_WARN_NON_LITERAL_NULL_CONVERSION = YES;
				CLANG_WARN_OBJC_LITERAL_CONVERSION = YES;
				CLANG_WARN_OBJC_ROOT_CLASS = YES_ERROR;
				CLANG_WARN_RANGE_LOOP_ANALYSIS = YES;
				CLANG_WARN_STRICT_PROTOTYPES = YES;
				CLANG_WARN_SUSPICIOUS_MOVE = YES;
				CLANG_WARN_UNGUARDED_AVAILABILITY = YES_AGGRESSIVE;
				CLANG_WARN_UNREACHABLE_CODE = YES;
				CLANG_WARN__DUPLICATE_METHOD_MATCH = YES;
				CODE_SIGN_IDENTITY = "iPhone Developer";
				COPY_PHASE_STRIP = NO;
				DEBUG_INFORMATION_FORMAT = "dwarf-with-dsym";
				ENABLE_NS_ASSERTIONS = NO;
				ENABLE_STRICT_OBJC_MSGSEND = YES;
				GCC_C_LANGUAGE_STANDARD = gnu11;
				GCC_NO_COMMON_BLOCKS = YES;
				GCC_WARN_64_TO_32_BIT_CONVERSION = YES;
				GCC_WARN_ABOUT_RETURN_TYPE = YES_ERROR;
				GCC_WARN_UNDECLARED_SELECTOR = YES;
				GCC_WARN_UNINITIALIZED_AUTOS = YES_AGGRESSIVE;
				GCC_WARN_UNUSED_FUNCTION = YES;
				GCC_WARN_UNUSED_VARIABLE = YES;
				IPHONEOS_DEPLOYMENT_TARGET = 11.2;
				MTL_ENABLE_DEBUG_INFO = NO;
				SDKROOT = iphoneos;
				SWIFT_OPTIMIZATION_LEVEL = "-Owholemodule";
				VALIDATE_PRODUCT = YES;
			};
			name = Release;
		};
		E1BCB62B21611EEB0050BFBC /* Debug */ = {
			isa = XCBuildConfiguration;
			baseConfigurationReference = 2AFB148C31B00512E84FD0DE /* Pods-MadarApp.debug.xcconfig */;
			buildSettings = {
				ASSETCATALOG_COMPILER_APPICON_NAME = AppIcon;
				CODE_SIGN_STYLE = Automatic;
				DEVELOPMENT_TEAM = ZD38Y64KH6;
				INFOPLIST_FILE = MadarApp/Info.plist;
				LD_RUNPATH_SEARCH_PATHS = "$(inherited) @executable_path/Frameworks";
				PRODUCT_BUNDLE_IDENTIFIER = com.Jiddawi.MadarApp;
				PRODUCT_NAME = "$(TARGET_NAME)";
				SWIFT_VERSION = 4.0;
				TARGETED_DEVICE_FAMILY = "1,2";
			};
			name = Debug;
		};
		E1BCB62C21611EEB0050BFBC /* Release */ = {
			isa = XCBuildConfiguration;
			baseConfigurationReference = D9F2191AA98645BAFCD7E7F5 /* Pods-MadarApp.release.xcconfig */;
			buildSettings = {
				ASSETCATALOG_COMPILER_APPICON_NAME = AppIcon;
				CODE_SIGN_STYLE = Automatic;
				DEVELOPMENT_TEAM = ZD38Y64KH6;
				INFOPLIST_FILE = MadarApp/Info.plist;
				LD_RUNPATH_SEARCH_PATHS = "$(inherited) @executable_path/Frameworks";
				PRODUCT_BUNDLE_IDENTIFIER = com.Jiddawi.MadarApp;
				PRODUCT_NAME = "$(TARGET_NAME)";
				SWIFT_VERSION = 4.0;
				TARGETED_DEVICE_FAMILY = "1,2";
			};
			name = Release;
		};
/* End XCBuildConfiguration section */

/* Begin XCConfigurationList section */
		E1BCB61321611EEB0050BFBC /* Build configuration list for PBXProject "MadarApp" */ = {
			isa = XCConfigurationList;
			buildConfigurations = (
				E1BCB62821611EEB0050BFBC /* Debug */,
				E1BCB62921611EEB0050BFBC /* Release */,
			);
			defaultConfigurationIsVisible = 0;
			defaultConfigurationName = Release;
		};
		E1BCB62A21611EEB0050BFBC /* Build configuration list for PBXNativeTarget "MadarApp" */ = {
			isa = XCConfigurationList;
			buildConfigurations = (
				E1BCB62B21611EEB0050BFBC /* Debug */,
				E1BCB62C21611EEB0050BFBC /* Release */,
			);
			defaultConfigurationIsVisible = 0;
			defaultConfigurationName = Release;
		};
/* End XCConfigurationList section */
	};
	rootObject = E1BCB61021611EEB0050BFBC /* Project object */;
}
